
Microsoft Visual Studio Solution File, Format Version 12.00
# Visual Studio Version 17
VisualStudioVersion = 17.14.36414.22 d17.14
MinimumVisualStudioVersion = 10.0.40219.1
Project("{FAE04EC0-301F-11D3-BF4B-00C04F79EFBC}") = "CycleBreakDemo", "CycleBreakDemo.csproj", "{DB7E51DE-545A-48CE-A664-2521292CB23E}"
EndProject
Project("{FAE04EC0-301F-11D3-BF4B-00C04F79EFBC}") = "NoCycle", "..\NoCycle\NoCycle.csproj", "{5625DA5C-86E2-4C14-BA0F-A107490A85D6}"
EndProject
Global
	GlobalSection(SolutionConfigurationPlatforms) = preSolution
		Debug|Any CPU = Debug|Any CPU
		Release|Any CPU = Release|Any CPU
	EndGlobalSection
	GlobalSection(ProjectConfigurationPlatforms) = postSolution
		{DB7E51DE-545A-48CE-A664-2521292CB23E}.Debug|Any CPU.ActiveCfg = Debug|Any CPU
		{DB7E51DE-545A-48CE-A664-2521292CB23E}.Debug|Any CPU.Build.0 = Debug|Any CPU
		{DB7E51DE-545A-48CE-A664-2521292CB23E}.Release|Any CPU.ActiveCfg = Release|Any CPU
		{DB7E51DE-545A-48CE-A664-2521292CB23E}.Release|Any CPU.Build.0 = Release|Any CPU
		{5625DA5C-86E2-4C14-BA0F-A107490A85D6}.Debug|Any CPU.ActiveCfg = Debug|Any CPU
		{5625DA5C-86E2-4C14-BA0F-A107490A85D6}.Debug|Any CPU.Build.0 = Debug|Any CPU
		{5625DA5C-86E2-4C14-BA0F-A107490A85D6}.Release|Any CPU.ActiveCfg = Release|Any CPU
		{5625DA5C-86E2-4C14-BA0F-A107490A85D6}.Release|Any CPU.Build.0 = Release|Any CPU
	EndGlobalSection
	GlobalSection(SolutionProperties) = preSolution
		HideSolutionNode = FALSE
	EndGlobalSection
	GlobalSection(ExtensibilityGlobals) = postSolution
		SolutionGuid = {1B31BEDF-8056-494A-8848-7D9D750A24BF}
	EndGlobalSection
EndGlobal
